
Microsoft Visual Studio Solution File, Format Version 12.00
# Visual Studio Version 17
VisualStudioVersion = 17.10.35004.147
MinimumVisualStudioVersion = 10.0.40219.1
Project("{9A19103F-16F7-4668-BE54-9A1E7A4F7556}") = "URLShortener.Api", "URLShortener.Api\URLShortener.Api.csproj", "{EE912B60-450D-4353-86FF-D52C10EEFE62}"
EndProject
Project("{9A19103F-16F7-4668-BE54-9A1E7A4F7556}") = "URLShortener.Core", "UrlShortener.Core\URLShortener.Core.csproj", "{D51FBCD4-D2C4-4113-8B2C-21A810DDC57F}"
EndProject
Project("{9A19103F-16F7-4668-BE54-9A1E7A4F7556}") = "URLShortener.Infrastructure", "UrlShortener.Infrastructure\URLShortener.Infrastructure.csproj", "{947794F3-85B2-4C6A-AB1A-F7C63EB9F358}"
EndProject
Global
	GlobalSection(SolutionConfigurationPlatforms) = preSolution
		Debug|Any CPU = Debug|Any CPU
		Release|Any CPU = Release|Any CPU
	EndGlobalSection
	GlobalSection(ProjectConfigurationPlatforms) = postSolution
		{EE912B60-450D-4353-86FF-D52C10EEFE62}.Debug|Any CPU.ActiveCfg = Debug|Any CPU
		{EE912B60-450D-4353-86FF-D52C10EEFE62}.Debug|Any CPU.Build.0 = Debug|Any CPU
		{EE912B60-450D-4353-86FF-D52C10EEFE62}.Release|Any CPU.ActiveCfg = Release|Any CPU
		{EE912B60-450D-4353-86FF-D52C10EEFE62}.Release|Any CPU.Build.0 = Release|Any CPU
		{D51FBCD4-D2C4-4113-8B2C-21A810DDC57F}.Debug|Any CPU.ActiveCfg = Debug|Any CPU
		{D51FBCD4-D2C4-4113-8B2C-21A810DDC57F}.Debug|Any CPU.Build.0 = Debug|Any CPU
		{D51FBCD4-D2C4-4113-8B2C-21A810DDC57F}.Release|Any CPU.ActiveCfg = Release|Any CPU
		{D51FBCD4-D2C4-4113-8B2C-21A810DDC57F}.Release|Any CPU.Build.0 = Release|Any CPU
		{947794F3-85B2-4C6A-AB1A-F7C63EB9F358}.Debug|Any CPU.ActiveCfg = Debug|Any CPU
		{947794F3-85B2-4C6A-AB1A-F7C63EB9F358}.Debug|Any CPU.Build.0 = Debug|Any CPU
		{947794F3-85B2-4C6A-AB1A-F7C63EB9F358}.Release|Any CPU.ActiveCfg = Release|Any CPU
		{947794F3-85B2-4C6A-AB1A-F7C63EB9F358}.Release|Any CPU.Build.0 = Release|Any CPU
	EndGlobalSection
	GlobalSection(SolutionProperties) = preSolution
		HideSolutionNode = FALSE
	EndGlobalSection
	GlobalSection(ExtensibilityGlobals) = postSolution
		SolutionGuid = {75EE9919-4ED9-4DC7-B221-734EA770FE8F}
	EndGlobalSection
EndGlobal
